
Microsoft Visual Studio Solution File, Format Version 12.00
# Visual Studio 2013
VisualStudioVersion = 12.0.31101.0
MinimumVisualStudioVersion = 10.0.40219.1
Project("{FAE04EC0-301F-11D3-BF4B-00C04F79EFBC}") = "Autofac.Integration.WebApi.Owin", "src\Autofac.Integration.WebApi.Owin\Autofac.Integration.WebApi.Owin.csproj", "{1A3E68CF-E1D5-4E30-96C3-9B8687DF9283}"
EndProject
Project("{FAE04EC0-301F-11D3-BF4B-00C04F79EFBC}") = "Autofac.Tests.Integration.WebApi.Owin", "tests\Autofac.Tests.Integration.WebApi.Owin\Autofac.Tests.Integration.WebApi.Owin.csproj", "{2EF2FBB2-77D0-4D85-936E-5A00881CF5F6}"
EndProject
Global
	GlobalSection(SolutionConfigurationPlatforms) = preSolution
		Debug|Any CPU = Debug|Any CPU
		Release|Any CPU = Release|Any CPU
	EndGlobalSection
	GlobalSection(ProjectConfigurationPlatforms) = postSolution
		{1A3E68CF-E1D5-4E30-96C3-9B8687DF9283}.Debug|Any CPU.ActiveCfg = Debug|Any CPU
		{1A3E68CF-E1D5-4E30-96C3-9B8687DF9283}.Debug|Any CPU.Build.0 = Debug|Any CPU
		{1A3E68CF-E1D5-4E30-96C3-9B8687DF9283}.Release|Any CPU.ActiveCfg = Release|Any CPU
		{1A3E68CF-E1D5-4E30-96C3-9B8687DF9283}.Release|Any CPU.Build.0 = Release|Any CPU
		{2EF2FBB2-77D0-4D85-936E-5A00881CF5F6}.Debug|Any CPU.ActiveCfg = Debug|Any CPU
		{2EF2FBB2-77D0-4D85-936E-5A00881CF5F6}.Debug|Any CPU.Build.0 = Debug|Any CPU
		{2EF2FBB2-77D0-4D85-936E-5A00881CF5F6}.Release|Any CPU.ActiveCfg = Release|Any CPU
		{2EF2FBB2-77D0-4D85-936E-5A00881CF5F6}.Release|Any CPU.Build.0 = Release|Any CPU
	EndGlobalSection
	GlobalSection(SolutionProperties) = preSolution
		HideSolutionNode = FALSE
	EndGlobalSection
EndGlobal
