
Microsoft Visual Studio Solution File, Format Version 12.00
# Visual Studio Version 16
VisualStudioVersion = 16.0.30114.105
MinimumVisualStudioVersion = 10.0.40219.1
Project("{FAE04EC0-301F-11D3-BF4B-00C04F79EFBC}") = "Autofac.Integration.WebApi.Owin", "src\Autofac.Integration.WebApi.Owin\Autofac.Integration.WebApi.Owin.csproj", "{1A3E68CF-E1D5-4E30-96C3-9B8687DF9283}"
EndProject
Project("{FAE04EC0-301F-11D3-BF4B-00C04F79EFBC}") = "Autofac.Integration.WebApi.Owin.Test", "test\Autofac.Integration.WebApi.Owin.Test\Autofac.Integration.WebApi.Owin.Test.csproj", "{2EF2FBB2-77D0-4D85-936E-5A00881CF5F6}"
EndProject
Project("{2150E333-8FDC-42A3-9474-1A3956D46DE8}") = "src", "src", "{D372C752-2D55-4E5D-943B-CEDD5BD00747}"
EndProject
Project("{2150E333-8FDC-42A3-9474-1A3956D46DE8}") = "test", "test", "{9AD9DBFC-4F7F-4EEB-98D5-AD23D64B7518}"
EndProject
Project("{2150E333-8FDC-42A3-9474-1A3956D46DE8}") = "Solution Items", "Solution Items", "{01223B84-9EDA-4971-AEFE-491579D4E1D7}"
	ProjectSection(SolutionItems) = preProject
		appveyor.yml = appveyor.yml
		LICENSE = LICENSE
		NuGet.Config = NuGet.Config
		README.md = README.md
	EndProjectSection
EndProject
Global
	GlobalSection(SolutionConfigurationPlatforms) = preSolution
		Debug|Any CPU = Debug|Any CPU
		Release|Any CPU = Release|Any CPU
	EndGlobalSection
	GlobalSection(ProjectConfigurationPlatforms) = postSolution
		{1A3E68CF-E1D5-4E30-96C3-9B8687DF9283}.Debug|Any CPU.ActiveCfg = Debug|Any CPU
		{1A3E68CF-E1D5-4E30-96C3-9B8687DF9283}.Debug|Any CPU.Build.0 = Debug|Any CPU
		{1A3E68CF-E1D5-4E30-96C3-9B8687DF9283}.Release|Any CPU.ActiveCfg = Release|Any CPU
		{1A3E68CF-E1D5-4E30-96C3-9B8687DF9283}.Release|Any CPU.Build.0 = Release|Any CPU
		{2EF2FBB2-77D0-4D85-936E-5A00881CF5F6}.Debug|Any CPU.ActiveCfg = Debug|Any CPU
		{2EF2FBB2-77D0-4D85-936E-5A00881CF5F6}.Debug|Any CPU.Build.0 = Debug|Any CPU
		{2EF2FBB2-77D0-4D85-936E-5A00881CF5F6}.Release|Any CPU.ActiveCfg = Release|Any CPU
		{2EF2FBB2-77D0-4D85-936E-5A00881CF5F6}.Release|Any CPU.Build.0 = Release|Any CPU
	EndGlobalSection
	GlobalSection(SolutionProperties) = preSolution
		HideSolutionNode = FALSE
	EndGlobalSection
	GlobalSection(NestedProjects) = preSolution
		{1A3E68CF-E1D5-4E30-96C3-9B8687DF9283} = {D372C752-2D55-4E5D-943B-CEDD5BD00747}
		{2EF2FBB2-77D0-4D85-936E-5A00881CF5F6} = {9AD9DBFC-4F7F-4EEB-98D5-AD23D64B7518}
	EndGlobalSection
	GlobalSection(ExtensibilityGlobals) = postSolution
		SolutionGuid = {12B13373-B4BB-41C8-BD7E-73095EB2DEEB}
	EndGlobalSection
EndGlobal
